
Microsoft Visual Studio Solution File, Format Version 12.00
# Visual Studio Version 17
VisualStudioVersion = 17.0.31903.59
MinimumVisualStudioVersion = 10.0.40219.1
Project("{FAE04EC0-301F-11D3-BF4B-00C04F79EFBC}") = "API", "API\API.csproj", "{AB65FC5F-993C-4BC0-BF65-D203E36FA4D4}"
EndProject
Project("{FAE04EC0-301F-11D3-BF4B-00C04F79EFBC}") = "Core", "Core\Core.csproj", "{AC9F9153-8D73-47A2-AF44-EE13C9351DB7}"
EndProject
Project("{FAE04EC0-301F-11D3-BF4B-00C04F79EFBC}") = "Infrastructure", "Infrastructure\Infrastructure.csproj", "{E68121DC-A1BE-481D-B685-64BBA9EC5DE5}"
EndProject
Global
	GlobalSection(SolutionConfigurationPlatforms) = preSolution
		Debug|Any CPU = Debug|Any CPU
		Release|Any CPU = Release|Any CPU
	EndGlobalSection
	GlobalSection(SolutionProperties) = preSolution
		HideSolutionNode = FALSE
	EndGlobalSection
	GlobalSection(ProjectConfigurationPlatforms) = postSolution
		{AB65FC5F-993C-4BC0-BF65-D203E36FA4D4}.Debug|Any CPU.ActiveCfg = Debug|Any CPU
		{AB65FC5F-993C-4BC0-BF65-D203E36FA4D4}.Debug|Any CPU.Build.0 = Debug|Any CPU
		{AB65FC5F-993C-4BC0-BF65-D203E36FA4D4}.Release|Any CPU.ActiveCfg = Release|Any CPU
		{AB65FC5F-993C-4BC0-BF65-D203E36FA4D4}.Release|Any CPU.Build.0 = Release|Any CPU
		{AC9F9153-8D73-47A2-AF44-EE13C9351DB7}.Debug|Any CPU.ActiveCfg = Debug|Any CPU
		{AC9F9153-8D73-47A2-AF44-EE13C9351DB7}.Debug|Any CPU.Build.0 = Debug|Any CPU
		{AC9F9153-8D73-47A2-AF44-EE13C9351DB7}.Release|Any CPU.ActiveCfg = Release|Any CPU
		{AC9F9153-8D73-47A2-AF44-EE13C9351DB7}.Release|Any CPU.Build.0 = Release|Any CPU
		{E68121DC-A1BE-481D-B685-64BBA9EC5DE5}.Debug|Any CPU.ActiveCfg = Debug|Any CPU
		{E68121DC-A1BE-481D-B685-64BBA9EC5DE5}.Debug|Any CPU.Build.0 = Debug|Any CPU
		{E68121DC-A1BE-481D-B685-64BBA9EC5DE5}.Release|Any CPU.ActiveCfg = Release|Any CPU
		{E68121DC-A1BE-481D-B685-64BBA9EC5DE5}.Release|Any CPU.Build.0 = Release|Any CPU
	EndGlobalSection
EndGlobal
